// !$*UTF8*$!
{
	archiveVersion = 1;
	classes = {
	};
	objectVersion = 50;
	objects = {

/* Begin PBXBuildFile section */
		48D67DA323FCC28600524A19 /* AppDelegate.swift in Sources */ = {isa = PBXBuildFile; fileRef = 48D67DA223FCC28600524A19 /* AppDelegate.swift */; };
		48D67DA523FCC28600524A19 /* ViewController.swift in Sources */ = {isa = PBXBuildFile; fileRef = 48D67DA423FCC28600524A19 /* ViewController.swift */; };
		48D67DA723FCC28900524A19 /* Assets.xcassets in Resources */ = {isa = PBXBuildFile; fileRef = 48D67DA623FCC28900524A19 /* Assets.xcassets */; };
		48D67DAA23FCC28900524A19 /* Main.storyboard in Resources */ = {isa = PBXBuildFile; fileRef = 48D67DA823FCC28900524A19 /* Main.storyboard */; };
		48D67DB323FCC2CD00524A19 /* KeydownTableView.swift in Sources */ = {isa = PBXBuildFile; fileRef = 48D67DB223FCC2CD00524A19 /* KeydownTableView.swift */; };
/* End PBXBuildFile section */

/* Begin PBXFileReference section */
		48D67D9F23FCC28600524A19 /* NSTableViewKeydown.app */ = {isa = PBXFileReference; explicitFileType = wrapper.application; includeInIndex = 0; path = NSTableViewKeydown.app; sourceTree = BUILT_PRODUCTS_DIR; };
		48D67DA223FCC28600524A19 /* AppDelegate.swift */ = {isa = PBXFileReference; lastKnownFileType = sourcecode.swift; path = AppDelegate.swift; sourceTree = "<group>"; };
		48D67DA423FCC28600524A19 /* ViewController.swift */ = {isa = PBXFileReference; lastKnownFileType = sourcecode.swift; path = ViewController.swift; sourceTree = "<group>"; };
		48D67DA623FCC28900524A19 /* Assets.xcassets */ = {isa = PBXFileReference; lastKnownFileType = folder.assetcatalog; path = Assets.xcassets; sourceTree = "<group>"; };
		48D67DA923FCC28900524A19 /* Base */ = {isa = PBXFileReference; lastKnownFileType = file.storyboard; name = Base; path = Base.lproj/Main.storyboard; sourceTree = "<group>"; };
		48D67DAB23FCC28900524A19 /* Info.plist */ = {isa = PBXFileReference; lastKnownFileType = text.plist.xml; path = Info.plist; sourceTree = "<group>"; };
		48D67DAC23FCC28900524A19 /* NSTableViewKeydown.entitlements */ = {isa = PBXFileReference; lastKnownFileType = text.plist.entitlements; path = NSTableViewKeydown.entitlements; sourceTree = "<group>"; };
		48D67DB223FCC2CD00524A19 /* KeydownTableView.swift */ = {isa = PBXFileReference; lastKnownFileType = sourcecode.swift; path = KeydownTableView.swift; sourceTree = "<group>"; };
/* End PBXFileReference section */

/* Begin PBXFrameworksBuildPhase section */
		48D67D9C23FCC28600524A19 /* Frameworks */ = {
			isa = PBXFrameworksBuildPhase;
			buildActionMask = 2147483647;
			files = (
			);
			runOnlyForDeploymentPostprocessing = 0;
		};
/* End PBXFrameworksBuildPhase section */

/* Begin PBXGroup section */
		48D67D9623FCC28600524A19 = {
			isa = PBXGroup;
			children = (
				48D67DA123FCC28600524A19 /* NSTableViewKeydown */,
				48D67DA023FCC28600524A19 /* Products */,
			);
			sourceTree = "<group>";
		};
		48D67DA023FCC28600524A19 /* Products */ = {
			isa = PBXGroup;
			children = (
				48D67D9F23FCC28600524A19 /* NSTableViewKeydown.app */,
			);
			name = Products;
			sourceTree = "<group>";
		};
		48D67DA123FCC28600524A19 /* NSTableViewKeydown */ = {
			isa = PBXGroup;
			children = (
				48D67DA223FCC28600524A19 /* AppDelegate.swift */,
				48D67DA423FCC28600524A19 /* ViewController.swift */,
				48D67DB223FCC2CD00524A19 /* KeydownTableView.swift */,
				48D67DA623FCC28900524A19 /* Assets.xcassets */,
				48D67DA823FCC28900524A19 /* Main.storyboard */,
				48D67DAB23FCC28900524A19 /* Info.plist */,
				48D67DAC23FCC28900524A19 /* NSTableViewKeydown.entitlements */,
			);
			path = NSTableViewKeydown;
			sourceTree = "<group>";
		};
/* End PBXGroup section */

/* Begin PBXNativeTarget section */
		48D67D9E23FCC28600524A19 /* NSTableViewKeydown */ = {
			isa = PBXNativeTarget;
			buildConfigurationList = 48D67DAF23FCC28900524A19 /* Build configuration list for PBXNativeTarget "NSTableViewKeydown" */;
			buildPhases = (
				48D67D9B23FCC28600524A19 /* Sources */,
				48D67D9C23FCC28600524A19 /* Frameworks */,
				48D67D9D23FCC28600524A19 /* Resources */,
			);
			buildRules = (
			);
			dependencies = (
			);
			name = NSTableViewKeydown;
			productName = NSTableViewKeydown;
			productReference = 48D67D9F23FCC28600524A19 /* NSTableViewKeydown.app */;
			productType = "com.apple.product-type.application";
		};
/* End PBXNativeTarget section */

/* Begin PBXProject section */
		48D67D9723FCC28600524A19 /* Project object */ = {
			isa = PBXProject;
			attributes = {
				LastSwiftUpdateCheck = 1130;
				LastUpgradeCheck = 1130;
				TargetAttributes = {
					48D67D9E23FCC28600524A19 = {
						CreatedOnToolsVersion = 11.3.1;
					};
				};
			};
			buildConfigurationList = 48D67D9A23FCC28600524A19 /* Build configuration list for PBXProject "NSTableViewKeydown" */;
			compatibilityVersion = "Xcode 9.3";
			developmentRegion = en;
			hasScannedForEncodings = 0;
			knownRegions = (
				en,
				Base,
			);
			mainGroup = 48D67D9623FCC28600524A19;
			productRefGroup = 48D67DA023FCC28600524A19 /* Products */;
			projectDirPath = "";
			projectRoot = "";
			targets = (
				48D67D9E23FCC28600524A19 /* NSTableViewKeydown */,
			);
		};
/* End PBXProject section */

/* Begin PBXResourcesBuildPhase section */
		48D67D9D23FCC28600524A19 /* Resources */ = {
			isa = PBXResourcesBuildPhase;
			buildActionMask = 2147483647;
			files = (
				48D67DA723FCC28900524A19 /* Assets.xcassets in Resources */,
				48D67DAA23FCC28900524A19 /* Main.storyboard in Resources */,
			);
			runOnlyForDeploymentPostprocessing = 0;
		};
/* End PBXResourcesBuildPhase section */

/* Begin PBXSourcesBuildPhase section */
		48D67D9B23FCC28600524A19 /* Sources */ = {
			isa = PBXSourcesBuildPhase;
			buildActionMask = 2147483647;
			files = (
				48D67DA523FCC28600524A19 /* ViewController.swift in Sources */,
				48D67DB323FCC2CD00524A19 /* KeydownTableView.swift in Sources */,
				48D67DA323FCC28600524A19 /* AppDelegate.swift in Sources */,
			);
			runOnlyForDeploymentPostprocessing = 0;
		};
/* End PBXSourcesBuildPhase section */

/* Begin PBXVariantGroup section */
		48D67DA823FCC28900524A19 /* Main.storyboard */ = {
			isa = PBXVariantGroup;
			children = (
				48D67DA923FCC28900524A19 /* Base */,
			);
			name = Main.storyboard;
			sourceTree = "<group>";
		};
/* End PBXVariantGroup section */

/* Begin XCBuildConfiguration section */
		48D67DAD23FCC28900524A19 /* Debug */ = {
			isa = XCBuildConfiguration;
			buildSettings = {
				ALWAYS_SEARCH_USER_PATHS = NO;
				CLANG_ANALYZER_NONNULL = YES;
				CLANG_ANALYZER_NUMBER_OBJECT_CONVERSION = YES_AGGRESSIVE;
				CLANG_CXX_LANGUAGE_STANDARD = "gnu++14";
				CLANG_CXX_LIBRARY = "libc++";
				CLANG_ENABLE_MODULES = YES;
				CLANG_ENABLE_OBJC_ARC = YES;
				CLANG_ENABLE_OBJC_WEAK = YES;
				CLANG_WARN_BLOCK_CAPTURE_AUTORELEASING = YES;
				CLANG_WARN_BOOL_CONVERSION = YES;
				CLANG_WARN_COMMA = YES;
				CLANG_WARN_CONSTANT_CONVERSION = YES;
				CLANG_WARN_DEPRECATED_OBJC_IMPLEMENTATIONS = YES;
				CLANG_WARN_DIRECT_OBJC_ISA_USAGE = YES_ERROR;
				CLANG_WARN_DOCUMENTATION_COMMENTS = YES;
				CLANG_WARN_EMPTY_BODY = YES;
				CLANG_WARN_ENUM_CONVERSION = YES;
				CLANG_WARN_INFINITE_RECURSION = YES;
				CLANG_WARN_INT_CONVERSION = YES;
				CLANG_WARN_NON_LITERAL_NULL_CONVERSION = YES;
				CLANG_WARN_OBJC_IMPLICIT_RETAIN_SELF = YES;
				CLANG_WARN_OBJC_LITERAL_CONVERSION = YES;
				CLANG_WARN_OBJC_ROOT_CLASS = YES_ERROR;
				CLANG_WARN_RANGE_LOOP_ANALYSIS = YES;
				CLANG_WARN_STRICT_PROTOTYPES = YES;
				CLANG_WARN_SUSPICIOUS_MOVE = YES;
				CLANG_WARN_UNGUARDED_AVAILABILITY = YES_AGGRESSIVE;
				CLANG_WARN_UNREACHABLE_CODE = YES;
				CLANG_WARN__DUPLICATE_METHOD_MATCH = YES;
				COPY_PHASE_STRIP = NO;
				DEBUG_INFORMATION_FORMAT = dwarf;
				ENABLE_STRICT_OBJC_MSGSEND = YES;
				ENABLE_TESTABILITY = YES;
				GCC_C_LANGUAGE_STANDARD = gnu11;
				GCC_DYNAMIC_NO_PIC = NO;
				GCC_NO_COMMON_BLOCKS = YES;
				GCC_OPTIMIZATION_LEVEL = 0;
				GCC_PREPROCESSOR_DEFINITIONS = (
					"DEBUG=1",
					"$(inherited)",
				);
				GCC_WARN_64_TO_32_BIT_CONVERSION = YES;
				GCC_WARN_ABOUT_RETURN_TYPE = YES_ERROR;
				GCC_WARN_UNDECLARED_SELECTOR = YES;
				GCC_WARN_UNINITIALIZED_AUTOS = YES_AGGRESSIVE;
				GCC_WARN_UNUSED_FUNCTION = YES;
				GCC_WARN_UNUSED_VARIABLE = YES;
				MACOSX_DEPLOYMENT_TARGET = 10.15;
				MTL_ENABLE_DEBUG_INFO = INCLUDE_SOURCE;
				MTL_FAST_MATH = YES;
				ONLY_ACTIVE_ARCH = YES;
				SDKROOT = macosx;
				SWIFT_ACTIVE_COMPILATION_CONDITIONS = DEBUG;
				SWIFT_OPTIMIZATION_LEVEL = "-Onone";
			};
			name = Debug;
		};
		48D67DAE23FCC28900524A19 /* Release */ = {
			isa = XCBuildConfiguration;
			buildSettings = {
				ALWAYS_SEARCH_USER_PATHS = NO;
				CLANG_ANALYZER_NONNULL = YES;
				CLANG_ANALYZER_NUMBER_OBJECT_CONVERSION = YES_AGGRESSIVE;
				CLANG_CXX_LANGUAGE_STANDARD = "gnu++14";
				CLANG_CXX_LIBRARY = "libc++";
				CLANG_ENABLE_MODULES = YES;
				CLANG_ENABLE_OBJC_ARC = YES;
				CLANG_ENABLE_OBJC_WEAK = YES;
				CLANG_WARN_BLOCK_CAPTURE_AUTORELEASING = YES;
				CLANG_WARN_BOOL_CONVERSION = YES;
				CLANG_WARN_COMMA = YES;
				CLANG_WARN_CONSTANT_CONVERSION = YES;
				CLANG_WARN_DEPRECATED_OBJC_IMPLEMENTATIONS = YES;
				CLANG_WARN_DIRECT_OBJC_ISA_USAGE = YES_ERROR;
				CLANG_WARN_DOCUMENTATION_COMMENTS = YES;
				CLANG_WARN_EMPTY_BODY = YES;
				CLANG_WARN_ENUM_CONVERSION = YES;
				CLANG_WARN_INFINITE_RECURSION = YES;
				CLANG_WARN_INT_CONVERSION = YES;
				CLANG_WARN_NON_LITERAL_NULL_CONVERSION = YES;
				CLANG_WARN_OBJC_IMPLICIT_RETAIN_SELF = YES;
				CLANG_WARN_OBJC_LITERAL_CONVERSION = YES;
				CLANG_WARN_OBJC_ROOT_CLASS = YES_ERROR;
				CLANG_WARN_RANGE_LOOP_ANALYSIS = YES;
				CLANG_WARN_STRICT_PROTOTYPES = YES;
				CLANG_WARN_SUSPICIOUS_MOVE = YES;
				CLANG_WARN_UNGUARDED_AVAILABILITY = YES_AGGRESSIVE;
				CLANG_WARN_UNREACHABLE_CODE = YES;
				CLANG_WARN__DUPLICATE_METHOD_MATCH = YES;
				COPY_PHASE_STRIP = NO;
				DEBUG_INFORMATION_FORMAT = "dwarf-with-dsym";
				ENABLE_NS_ASSERTIONS = NO;
				ENABLE_STRICT_OBJC_MSGSEND = YES;
				GCC_C_LANGUAGE_STANDARD = gnu11;
				GCC_NO_COMMON_BLOCKS = YES;
				GCC_WARN_64_TO_32_BIT_CONVERSION = YES;
				GCC_WARN_ABOUT_RETURN_TYPE = YES_ERROR;
				GCC_WARN_UNDECLARED_SELECTOR = YES;
				GCC_WARN_UNINITIALIZED_AUTOS = YES_AGGRESSIVE;
				GCC_WARN_UNUSED_FUNCTION = YES;
				GCC_WARN_UNUSED_VARIABLE = YES;
				MACOSX_DEPLOYMENT_TARGET = 10.15;
				MTL_ENABLE_DEBUG_INFO = NO;
				MTL_FAST_MATH = YES;
				SDKROOT = macosx;
				SWIFT_COMPILATION_MODE = wholemodule;
				SWIFT_OPTIMIZATION_LEVEL = "-O";
			};
			name = Release;
		};
		48D67DB023FCC28900524A19 /* Debug */ = {
			isa = XCBuildConfiguration;
			buildSettings = {
				ASSETCATALOG_COMPILER_APPICON_NAME = AppIcon;
				CODE_SIGN_ENTITLEMENTS = NSTableViewKeydown/NSTableViewKeydown.entitlements;
				CODE_SIGN_STYLE = Automatic;
				COMBINE_HIDPI_IMAGES = YES;
				INFOPLIST_FILE = NSTableViewKeydown/Info.plist;
				LD_RUNPATH_SEARCH_PATHS = (
					"$(inherited)",
					"@executable_path/../Frameworks",
				);
				PRODUCT_BUNDLE_IDENTIFIER = lilac244.NSTableViewKeydown;
				PRODUCT_NAME = "$(TARGET_NAME)";
				SWIFT_VERSION = 5.0;
			};
			name = Debug;
		};
		48D67DB123FCC28900524A19 /* Release */ = {
			isa = XCBuildConfiguration;
			buildSettings = {
				ASSETCATALOG_COMPILER_APPICON_NAME = AppIcon;
				CODE_SIGN_ENTITLEMENTS = NSTableViewKeydown/NSTableViewKeydown.entitlements;
				CODE_SIGN_STYLE = Automatic;
				COMBINE_HIDPI_IMAGES = YES;
				INFOPLIST_FILE = NSTableViewKeydown/Info.plist;
				LD_RUNPATH_SEARCH_PATHS = (
					"$(inherited)",
					"@executable_path/../Frameworks",
				);
				PRODUCT_BUNDLE_IDENTIFIER = lilac244.NSTableViewKeydown;
				PRODUCT_NAME = "$(TARGET_NAME)";
				SWIFT_VERSION = 5.0;
			};
			name = Release;
		};
/* End XCBuildConfiguration section */

/* Begin XCConfigurationList section */
		48D67D9A23FCC28600524A19 /* Build configuration list for PBXProject "NSTableViewKeydown" */ = {
			isa = XCConfigurationList;
			buildConfigurations = (
				48D67DAD23FCC28900524A19 /* Debug */,
				48D67DAE23FCC28900524A19 /* Release */,
			);
			defaultConfigurationIsVisible = 0;
			defaultConfigurationName = Release;
		};
		48D67DAF23FCC28900524A19 /* Build configuration list for PBXNativeTarget "NSTableViewKeydown" */ = {
			isa = XCConfigurationList;
			buildConfigurations = (
				48D67DB023FCC28900524A19 /* Debug */,
				48D67DB123FCC28900524A19 /* Release */,
			);
			defaultConfigurationIsVisible = 0;
			defaultConfigurationName = Release;
		};
/* End XCConfigurationList section */
	};
	rootObject = 48D67D9723FCC28600524A19 /* Project object */;
}
